
Microsoft Visual Studio Solution File, Format Version 12.00
# Visual Studio Version 17
VisualStudioVersion = 17.13.35818.85 d17.13
MinimumVisualStudioVersion = 10.0.40219.1
Project("{FAE04EC0-301F-11D3-BF4B-00C04F79EFBC}") = "Simone", "Simone\Simone.csproj", "{CD6CE8C5-51E6-447C-B384-62AE26ECD342}"
EndProject
Global
	GlobalSection(SolutionConfigurationPlatforms) = preSolution
		Debug|Any CPU = Debug|Any CPU
		Release|Any CPU = Release|Any CPU
	EndGlobalSection
	GlobalSection(ProjectConfigurationPlatforms) = postSolution
		{CD6CE8C5-51E6-447C-B384-62AE26ECD342}.Debug|Any CPU.ActiveCfg = Debug|Any CPU
		{CD6CE8C5-51E6-447C-B384-62AE26ECD342}.Debug|Any CPU.Build.0 = Debug|Any CPU
		{CD6CE8C5-51E6-447C-B384-62AE26ECD342}.Release|Any CPU.ActiveCfg = Release|Any CPU
		{CD6CE8C5-51E6-447C-B384-62AE26ECD342}.Release|Any CPU.Build.0 = Release|Any CPU
	EndGlobalSection
	GlobalSection(SolutionProperties) = preSolution
		HideSolutionNode = FALSE
	EndGlobalSection
	GlobalSection(ExtensibilityGlobals) = postSolution
		SolutionGuid = {90615566-07B3-43F0-86D5-35A46CEBCB77}
	EndGlobalSection
EndGlobal
